
Microsoft Visual Studio Solution File, Format Version 12.00
# Visual Studio Version 17
VisualStudioVersion = 17.0.31521.260
MinimumVisualStudioVersion = 10.0.40219.1
Project("{9A19103F-16F7-4668-BE54-9A1E7A4F7556}") = "Cutyt.Core", "Cutyt.Core\Cutyt.Core.csproj", "{3E7FB0DB-D8A5-447F-A6B0-587B4899DDC2}"
EndProject
Project("{2150E333-8FDC-42A3-9474-1A3956D46DE8}") = "youtube-dl", "youtube-dl", "{31DB3226-CA46-4B4A-AA14-F1303BC3F226}"
	ProjectSection(SolutionItems) = preProject
		youtube-dl\ffmpeg.exe = youtube-dl\ffmpeg.exe
		youtube-dl\ffplay.exe = youtube-dl\ffplay.exe
		youtube-dl\ffprobe.exe = youtube-dl\ffprobe.exe
		youtube-dl\youtube-dl.exe = youtube-dl\youtube-dl.exe
	EndProjectSection
EndProject
Project("{9A19103F-16F7-4668-BE54-9A1E7A4F7556}") = "CutytKendoWeb", "CutytKendo\CutytKendoWeb.csproj", "{E0901831-D12D-4E5D-A793-1DD4213C4FF0}"
EndProject
Project("{2150E333-8FDC-42A3-9474-1A3956D46DE8}") = "Solution Items", "Solution Items", "{92F66238-CFDF-4833-9A93-B8AB67F16581}"
	ProjectSection(SolutionItems) = preProject
		global.json = global.json
	EndProjectSection
EndProject
Project("{9A19103F-16F7-4668-BE54-9A1E7A4F7556}") = "CutYtFunc", "CutYtFunc\CutYtFunc.csproj", "{BC9F00CB-B1E3-4326-8D3F-0B4681B3951E}"
EndProject
Project("{FAE04EC0-301F-11D3-BF4B-00C04F79EFBC}") = "SimpleConsole", "SimpleConsole\SimpleConsole.csproj", "{085D11B8-6AF9-498E-9C06-EAEF41A317C5}"
EndProject
Project("{9A19103F-16F7-4668-BE54-9A1E7A4F7556}") = "TestWebApp", "TestWebApp\TestWebApp.csproj", "{66E8D195-72F7-43D7-9029-AF1548AFBDB4}"
EndProject
Global
	GlobalSection(SolutionConfigurationPlatforms) = preSolution
		Debug|Any CPU = Debug|Any CPU
		Release|Any CPU = Release|Any CPU
	EndGlobalSection
	GlobalSection(ProjectConfigurationPlatforms) = postSolution
		{3E7FB0DB-D8A5-447F-A6B0-587B4899DDC2}.Debug|Any CPU.ActiveCfg = Debug|Any CPU
		{3E7FB0DB-D8A5-447F-A6B0-587B4899DDC2}.Debug|Any CPU.Build.0 = Debug|Any CPU
		{3E7FB0DB-D8A5-447F-A6B0-587B4899DDC2}.Release|Any CPU.ActiveCfg = Release|Any CPU
		{3E7FB0DB-D8A5-447F-A6B0-587B4899DDC2}.Release|Any CPU.Build.0 = Release|Any CPU
		{E0901831-D12D-4E5D-A793-1DD4213C4FF0}.Debug|Any CPU.ActiveCfg = Debug|Any CPU
		{E0901831-D12D-4E5D-A793-1DD4213C4FF0}.Debug|Any CPU.Build.0 = Debug|Any CPU
		{E0901831-D12D-4E5D-A793-1DD4213C4FF0}.Release|Any CPU.ActiveCfg = Release|Any CPU
		{E0901831-D12D-4E5D-A793-1DD4213C4FF0}.Release|Any CPU.Build.0 = Release|Any CPU
		{BC9F00CB-B1E3-4326-8D3F-0B4681B3951E}.Debug|Any CPU.ActiveCfg = Debug|Any CPU
		{BC9F00CB-B1E3-4326-8D3F-0B4681B3951E}.Debug|Any CPU.Build.0 = Debug|Any CPU
		{BC9F00CB-B1E3-4326-8D3F-0B4681B3951E}.Release|Any CPU.ActiveCfg = Release|Any CPU
		{BC9F00CB-B1E3-4326-8D3F-0B4681B3951E}.Release|Any CPU.Build.0 = Release|Any CPU
		{085D11B8-6AF9-498E-9C06-EAEF41A317C5}.Debug|Any CPU.ActiveCfg = Debug|Any CPU
		{085D11B8-6AF9-498E-9C06-EAEF41A317C5}.Debug|Any CPU.Build.0 = Debug|Any CPU
		{085D11B8-6AF9-498E-9C06-EAEF41A317C5}.Release|Any CPU.ActiveCfg = Release|Any CPU
		{085D11B8-6AF9-498E-9C06-EAEF41A317C5}.Release|Any CPU.Build.0 = Release|Any CPU
		{66E8D195-72F7-43D7-9029-AF1548AFBDB4}.Debug|Any CPU.ActiveCfg = Debug|Any CPU
		{66E8D195-72F7-43D7-9029-AF1548AFBDB4}.Debug|Any CPU.Build.0 = Debug|Any CPU
		{66E8D195-72F7-43D7-9029-AF1548AFBDB4}.Release|Any CPU.ActiveCfg = Release|Any CPU
		{66E8D195-72F7-43D7-9029-AF1548AFBDB4}.Release|Any CPU.Build.0 = Release|Any CPU
	EndGlobalSection
	GlobalSection(SolutionProperties) = preSolution
		HideSolutionNode = FALSE
	EndGlobalSection
	GlobalSection(NestedProjects) = preSolution
		{3E7FB0DB-D8A5-447F-A6B0-587B4899DDC2} = {31DB3226-CA46-4B4A-AA14-F1303BC3F226}
	EndGlobalSection
	GlobalSection(ExtensibilityGlobals) = postSolution
		SolutionGuid = {A58441F8-5916-4947-9FD6-687F947229F4}
	EndGlobalSection
EndGlobal
