
Microsoft Visual Studio Solution File, Format Version 12.00
# Visual Studio Version 16
VisualStudioVersion = 16.0.30907.101
MinimumVisualStudioVersion = 10.0.40219.1
Project("{9A19103F-16F7-4668-BE54-9A1E7A4F7556}") = "Cutyt", "Cutyt\Cutyt.csproj", "{D74CBF1E-86F1-4FA8-9944-74851B756B6E}"
EndProject
Project("{9A19103F-16F7-4668-BE54-9A1E7A4F7556}") = "WebApplication1", "WebApplication1\WebApplication1.csproj", "{53FC2C02-7BEA-4297-8D58-05FFFA36A35C}"
EndProject
Global
	GlobalSection(SolutionConfigurationPlatforms) = preSolution
		Debug|Any CPU = Debug|Any CPU
		Release|Any CPU = Release|Any CPU
	EndGlobalSection
	GlobalSection(ProjectConfigurationPlatforms) = postSolution
		{D74CBF1E-86F1-4FA8-9944-74851B756B6E}.Debug|Any CPU.ActiveCfg = Debug|Any CPU
		{D74CBF1E-86F1-4FA8-9944-74851B756B6E}.Debug|Any CPU.Build.0 = Debug|Any CPU
		{D74CBF1E-86F1-4FA8-9944-74851B756B6E}.Release|Any CPU.ActiveCfg = Release|Any CPU
		{D74CBF1E-86F1-4FA8-9944-74851B756B6E}.Release|Any CPU.Build.0 = Release|Any CPU
		{53FC2C02-7BEA-4297-8D58-05FFFA36A35C}.Debug|Any CPU.ActiveCfg = Debug|Any CPU
		{53FC2C02-7BEA-4297-8D58-05FFFA36A35C}.Debug|Any CPU.Build.0 = Debug|Any CPU
		{53FC2C02-7BEA-4297-8D58-05FFFA36A35C}.Release|Any CPU.ActiveCfg = Release|Any CPU
		{53FC2C02-7BEA-4297-8D58-05FFFA36A35C}.Release|Any CPU.Build.0 = Release|Any CPU
	EndGlobalSection
	GlobalSection(SolutionProperties) = preSolution
		HideSolutionNode = FALSE
	EndGlobalSection
	GlobalSection(ExtensibilityGlobals) = postSolution
		SolutionGuid = {A58441F8-5916-4947-9FD6-687F947229F4}
	EndGlobalSection
EndGlobal
